skills:
  diagram-design:
    commit: 246d6d71d752245403d2bf28d27f124192584d18
    digest: 176656c98e622b0ea80ff3924d60c5dec07e0eca2ccc7a4185f3926fc191c578
  opencode-drive:
    commit: f0b55f8e5a69f6311feb2576cd9840bb1443c912
    digest: bbda4b599475aeb30d3cf6b4d9da07830a5780f313b1d5c3ea0a310b860cdffd
  grilling:
    commit: 49dd158d1076134a641b33efb035946536778336
    digest: b7bd1c91a17f07c7f5482d20708f72cd7f11fa4525a39583fe954d4cc555b6bb
  hunk-review:
    commit: 2458366fbf028759ac7ca7da729f4f6089e22b02
    digest: c67fad8eef6fda4dab6b4d7460ab01213eca1389586b45bad270efe2f08f68b0
  improve-codebase-architecture:
    commit: 9603c1cc8118d08bc1b3bf34cf714f62178dea3b
    digest: 259c47fd519dce98e1c98ad589ba24bafefa8df09b083366b477e5c088e4555a
  grill-with-docs:
    commit: 9603c1cc8118d08bc1b3bf34cf714f62178dea3b
    digest: 52a2e30968c0cbd03bd6d0a0f44ae4b21de5abc9d95d3ad25e4d409a7042e0ab
  qmd:
    commit: e428df76bc0274d9e93eb7ca3e95673315c42e90
    digest: 8e7a8a28a3f3e7dc39d82155f41384776b67987f7a137f758cfa37cf2b575e66
  handoff:
    commit: 49dd158d1076134a641b33efb035946536778336
    digest: b8e26e87bea75f463517dde914ec74242ee60984af99185d9d8027fa9b7190f3
  improve:
    commit: 03369ee6d7cafbfcecc4346539b05b3dc0a603bb
    digest: 681ddb43767a0985d697ee9753379c7f1a7b32a29b05c3939a277d2441eaf590
  thermo-nuclear-code-quality-review:
    commit: 3fe2823ce17c1656c222d4b7c59d3f82fbf20143
    digest: 1fc3a63663c52fb194eb8da65f1631742b712e3bfbb96d08a319d2c0a9a33e0b
  skill-writer:
    commit: 412f2368ee3ec90ce042826b57533f080d531aaf
    digest: 075ff5fbff596d7d4a41c66351c80effa22535d8aea2715bdbb08a63354d716f
  grill-me:
    commit: 9603c1cc8118d08bc1b3bf34cf714f62178dea3b
    digest: bec152d2fbe46fc089394618c0601deccfa80c050da3c936b13a263a3da9796c
  domain-modeling:
    commit: 4588b32ecab9ecc9fc8cc6b6c5e7d675b6004b0d
    digest: 69eba5169889e7309c1b93a0e2f606dcbc5cbd7513b9168f311c23de6d019210
  home-assistant-best-practices:
    commit: 5c023edf38677ef7484aa8b0cc621bedcfcfcdae
    digest: ad2444283aa48a8e4dd4d86151322853b7776366ed38aad7e867b1e0ade0a258
  writing-for-agents:
    commit: 6654f6b60cd9d5be8b54c6fafe44346dabeb3b76
    digest: dcc94edddc4d501e23cf8ef0d4af06d8b3188431a926db30ba4f7f35bc98a7e6
  technical-writing:
    commit: e5a8186d7b43be8d6ac4452440fbead5f1a51c70
    digest: bc64c64015858abc617c0df4c7b0392bbd90a2d1cea8ebe274d42ae927215926
  unslop:
    commit: e5a8186d7b43be8d6ac4452440fbead5f1a51c70
    digest: 1ff1005830c5bd2d1eea4a4131989408b09835cf6b79d2f41a0a4a63a57cd3ea
  herdr:
    commit: 9e01168b140ce8e3821131345dc82bc2bf9994eb
    digest: 14329080845ab156f7bffcdff55b82ab4b68679a6c34bf6bccc9ac24667b6841
  openai-docs:
    commit: 49f948faa9258a0c61caceaf225e179651397431
    digest: d41587eb5078a178987ab2a69d0037643066907068c2b6552bba0039d6dde1c3
  prototype:
    commit: 6654f6b60cd9d5be8b54c6fafe44346dabeb3b76
    digest: 6f8b3f42484815a6dd945e7792ae96bca8a2a856d199e836bfa2515d59fb885c
  agent-browser:
    commit: fbd046c23a2c1156891bda294aaaee715c23b3f1
    digest: 4c6b976113c1a1ed66cef13d2eeebfaf789b6a0e2c29f41c774d4334103aee33
  to-spec:
    commit: 9603c1cc8118d08bc1b3bf34cf714f62178dea3b
    digest: 714d10e50281927854f739efa2a023271f702ca7a4c57600a5a0f9abde56aab7
  impeccable:
    commit: d631a8827f99414d2b6daba4ef08b7f8701751d7
    digest: f14fc02ffb24c9a66484e34df9ecfcb6e985f03dea92306cddf1c51a47a5c297
    variants:
      claude-code: 98cbc67bb059239ee02ef4627d2d1a48fcd6fa087d897f98b50d878fd969b02d
      codex: a36e9d8299bd7b2d74d08448bda02d239635e1749c6a55d34ba4fb14aab180b6
      opencode: 4577c0791441a5627537ee7fc6681298ee6843a55008c383c63beae13d1339ec
  visual-explainer:
    commit: 0cc6f15452c455a05fb7fceb036d0da31387c69c
    digest: bef6909b9336556dc6dc953278dd7a43301412dd67c9d93210b50edfeb787af5
  skill-creator:
    commit: 9d2f1ae187231d8199c64b5b762e1bdf2244733d
    digest: 5ad0868be528859ba96a52cb368f0ced16605d5a9ed433a811d8c6d1fd5b2c4f
  wayfinder:
    commit: 49dd158d1076134a641b33efb035946536778336
    digest: 02beda097f49d88f45ce7814759b974f30f55a3ee79cf5d45fb022efc3aa23fc
  animate:
    commit: e8a175de22ae1e49370fc144c1f3bb9aeedf988d
    digest: a5f24978bd38e44a451ae9c28bd95904ca0590333598a10f75a3ae90152f90b4
  find-animation-opportunities:
    commit: e8a175de22ae1e49370fc144c1f3bb9aeedf988d
    digest: 2d029bfccbc855da86c3e1e4e0e1972e7894f6bc7889c40f9718da8ade7b0000
  review-animations:
    commit: e8a175de22ae1e49370fc144c1f3bb9aeedf988d
    digest: 9b2bc5a22f13458d4f0f0425d8c21efb78ce76b4bf522622b02b7393ad43e38e
  effect:
    commit: 71195e36024ebd2e66c5beac946e81eafd5abc43
    digest: f0a8ad77dbefa7caaf7f981849302ec69fe8fc3ead72c7018767bb61287d2377
  show-me:
    commit: ca7c8088db69e315a8b2deea43820270457f8f3c
    digest: fb8951a91437e06e949c90a25a7c085b19209dfb04b586e5cb06d63a8afa1b12
  visual-pr:
    commit: ca7c8088db69e315a8b2deea43820270457f8f3c
    digest: 1126dfee31e388e2b0e78520606721b760ddf8e294cd24c87cc7934695373f1f
  browser-control:
    commit: b4e4238742fa73daabfb664f1108113e9577849d
    digest: 1de177b41b0dee9c30580091bc9e37456446eb8c4692137b9cfd2b959efcde48
  open-pencil:
    commit: 6cf1748e31a0e43d3794d43abbd003ce9caa3c6f
    digest: 5516b4f917ac6b1862ba76cdbe011dae5bdb08862fe5d75b6a1fbb80dfebc86f
  terminal-control:
    commit: c1d4f95e4f1b7638f6229e9bfc9599a955f95ce2
    digest: 64f6cfb0c1682a28aa3b6df68b0145ad730162c3775595aadc22fb37ca03e0b1
  transitions-dev:
    commit: e2d5551656e4d3274e075d1cbd9a95af50f53225
    digest: ad6d7e548390f62a89c746aa980cb50c5247a1f0269685033ace3a643b58dd31
  shadcn:
    commit: 2d3f1cd436b18ea12f24130de4df781355925b08
    digest: c74f59dbad3c4a60959da5930ac4f239e26997360a38b22c6aa663eed7f96e48
  pr-lens:
    commit: 7a9115c8202da4db030be5954ada8862e6135dce
    digest: 82f86c87d116c035b8a8e1dfa563c0226e38ad3679c8f221181719006ffaee2c
